{
  "object": {
    "pins": [
      {
        "package": "icu4c-swift",
        "repositoryURL": "https://github.com/allevato/icu4c-swift",
        "state": {
          "branch": null,
          "revision": "7f87c7cb01a433ce1443e0d279d33e9cadd52c14",
          "version": "1.0.0"
        }
      }
    ]
  },
  "version": 1
}
