{
  "object": {
    "pins": [
      {
        "package": "icu4c-swift",
        "repositoryURL": "https://github.com/allevato/icu4c-swift",
        "state": {
          "branch": null,
          "revision": "eb1ea105e25d17ce6481b5a3338711530b7bd13d",
          "version": "1.0.1"
        }
      }
    ]
  },
  "version": 1
}
